// !$*UTF8*$!
{
	archiveVersion = 1;
	classes = {
	};
	objectVersion = 51;
	objects = {

/* Begin PBXBuildFile section */
		7FF8D0EE23E03ECE0062DF42 /* oneViewController.swift in Sources */ = {isa = PBXBuildFile; fileRef = 7FF8D0ED23E03ECE0062DF42 /* oneViewController.swift */; };
		7FF8D0F023E03EDE0062DF42 /* twoViewController.swift in Sources */ = {isa = PBXBuildFile; fileRef = 7FF8D0EF23E03EDE0062DF42 /* twoViewController.swift */; };
		7FF8D0F223E03EF80062DF42 /* threeTableViewController.swift in Sources */ = {isa = PBXBuildFile; fileRef = 7FF8D0F123E03EF80062DF42 /* threeTableViewController.swift */; };
		7FF8D0F423E045AA0062DF42 /* threeNextViewController.swift in Sources */ = {isa = PBXBuildFile; fileRef = 7FF8D0F323E045AA0062DF42 /* threeNextViewController.swift */; };
		99F1B42F1D165383386CC7AB /* Pods_SpeedCode.framework in Frameworks */ = {isa = PBXBuildFile; fileRef = BB1E3A673F5C5BD0AB27878A /* Pods_SpeedCode.framework */; };
		A49EA6C123E035DD00ABF9FC /* AppDelegate.swift in Sources */ = {isa = PBXBuildFile; fileRef = A49EA6C023E035DD00ABF9FC /* AppDelegate.swift */; };
		A49EA6C323E035DD00ABF9FC /* SceneDelegate.swift in Sources */ = {isa = PBXBuildFile; fileRef = A49EA6C223E035DD00ABF9FC /* SceneDelegate.swift */; };
		A49EA6C523E035DD00ABF9FC /* ViewController.swift in Sources */ = {isa = PBXBuildFile; fileRef = A49EA6C423E035DD00ABF9FC /* ViewController.swift */; };
		A49EA6C823E035DD00ABF9FC /* Main.storyboard in Resources */ = {isa = PBXBuildFile; fileRef = A49EA6C623E035DD00ABF9FC /* Main.storyboard */; };
		A49EA6CA23E035E400ABF9FC /* Assets.xcassets in Resources */ = {isa = PBXBuildFile; fileRef = A49EA6C923E035E400ABF9FC /* Assets.xcassets */; };
		A49EA6CD23E035E400ABF9FC /* LaunchScreen.storyboard in Resources */ = {isa = PBXBuildFile; fileRef = A49EA6CB23E035E400ABF9FC /* LaunchScreen.storyboard */; };
/* End PBXBuildFile section */

/* Begin PBXFileReference section */
		7FF8D0ED23E03ECE0062DF42 /* oneViewController.swift */ = {isa = PBXFileReference; lastKnownFileType = sourcecode.swift; path = oneViewController.swift; sourceTree = "<group>"; };
		7FF8D0EF23E03EDE0062DF42 /* twoViewController.swift */ = {isa = PBXFileReference; lastKnownFileType = sourcecode.swift; path = twoViewController.swift; sourceTree = "<group>"; };
		7FF8D0F123E03EF80062DF42 /* threeTableViewController.swift */ = {isa = PBXFileReference; lastKnownFileType = sourcecode.swift; path = threeTableViewController.swift; sourceTree = "<group>"; };
		7FF8D0F323E045AA0062DF42 /* threeNextViewController.swift */ = {isa = PBXFileReference; lastKnownFileType = sourcecode.swift; path = threeNextViewController.swift; sourceTree = "<group>"; };
		A1C95720706894DC59E15C2D /* Pods-SpeedCode.debug.xcconfig */ = {isa = PBXFileReference; includeInIndex = 1; lastKnownFileType = text.xcconfig; name = "Pods-SpeedCode.debug.xcconfig"; path = "Target Support Files/Pods-SpeedCode/Pods-SpeedCode.debug.xcconfig"; sourceTree = "<group>"; };
		A49EA6BD23E035DD00ABF9FC /* SpeedCode.app */ = {isa = PBXFileReference; explicitFileType = wrapper.application; includeInIndex = 0; path = SpeedCode.app; sourceTree = BUILT_PRODUCTS_DIR; };
		A49EA6C023E035DD00ABF9FC /* AppDelegate.swift */ = {isa = PBXFileReference; lastKnownFileType = sourcecode.swift; path = AppDelegate.swift; sourceTree = "<group>"; };
		A49EA6C223E035DD00ABF9FC /* SceneDelegate.swift */ = {isa = PBXFileReference; lastKnownFileType = sourcecode.swift; path = SceneDelegate.swift; sourceTree = "<group>"; };
		A49EA6C423E035DD00ABF9FC /* ViewController.swift */ = {isa = PBXFileReference; lastKnownFileType = sourcecode.swift; path = ViewController.swift; sourceTree = "<group>"; };
		A49EA6C723E035DD00ABF9FC /* Base */ = {isa = PBXFileReference; lastKnownFileType = file.storyboard; name = Base; path = Base.lproj/Main.storyboard; sourceTree = "<group>"; };
		A49EA6C923E035E400ABF9FC /* Assets.xcassets */ = {isa = PBXFileReference; lastKnownFileType = folder.assetcatalog; path = Assets.xcassets; sourceTree = "<group>"; };
		A49EA6CC23E035E400ABF9FC /* Base */ = {isa = PBXFileReference; lastKnownFileType = file.storyboard; name = Base; path = Base.lproj/LaunchScreen.storyboard; sourceTree = "<group>"; };
		A49EA6CE23E035E400ABF9FC /* Info.plist */ = {isa = PBXFileReference; lastKnownFileType = text.plist.xml; path = Info.plist; sourceTree = "<group>"; };
		BB1E3A673F5C5BD0AB27878A /* Pods_SpeedCode.framework */ = {isa = PBXFileReference; explicitFileType = wrapper.framework; includeInIndex = 0; path = Pods_SpeedCode.framework; sourceTree = BUILT_PRODUCTS_DIR; };
		F7D9AF172DF79D24BD05761E /* Pods-SpeedCode.release.xcconfig */ = {isa = PBXFileReference; includeInIndex = 1; lastKnownFileType = text.xcconfig; name = "Pods-SpeedCode.release.xcconfig"; path = "Target Support Files/Pods-SpeedCode/Pods-SpeedCode.release.xcconfig"; sourceTree = "<group>"; };
/* End PBXFileReference section */

/* Begin PBXFrameworksBuildPhase section */
		A49EA6BA23E035DD00ABF9FC /* Frameworks */ = {
			isa = PBXFrameworksBuildPhase;
			buildActionMask = 2147483647;
			files = (
				99F1B42F1D165383386CC7AB /* Pods_SpeedCode.framework in Frameworks */,
			);
			runOnlyForDeploymentPostprocessing = 0;
		};
/* End PBXFrameworksBuildPhase section */

/* Begin PBXGroup section */
		693F92AF7408F45B96D2C13F /* Pods */ = {
			isa = PBXGroup;
			children = (
				A1C95720706894DC59E15C2D /* Pods-SpeedCode.debug.xcconfig */,
				F7D9AF172DF79D24BD05761E /* Pods-SpeedCode.release.xcconfig */,
			);
			path = Pods;
			sourceTree = "<group>";
		};
		A49EA6B423E035DD00ABF9FC = {
			isa = PBXGroup;
			children = (
				A49EA6BF23E035DD00ABF9FC /* SpeedCode */,
				A49EA6BE23E035DD00ABF9FC /* Products */,
				693F92AF7408F45B96D2C13F /* Pods */,
				EF2700C72D651758865614FB /* Frameworks */,
			);
			sourceTree = "<group>";
		};
		A49EA6BE23E035DD00ABF9FC /* Products */ = {
			isa = PBXGroup;
			children = (
				A49EA6BD23E035DD00ABF9FC /* SpeedCode.app */,
			);
			name = Products;
			sourceTree = "<group>";
		};
		A49EA6BF23E035DD00ABF9FC /* SpeedCode */ = {
			isa = PBXGroup;
			children = (
				A49EA6C023E035DD00ABF9FC /* AppDelegate.swift */,
				A49EA6C223E035DD00ABF9FC /* SceneDelegate.swift */,
				A49EA6C423E035DD00ABF9FC /* ViewController.swift */,
				A49EA6C623E035DD00ABF9FC /* Main.storyboard */,
				7FF8D0F323E045AA0062DF42 /* threeNextViewController.swift */,
				A49EA6C923E035E400ABF9FC /* Assets.xcassets */,
				A49EA6CB23E035E400ABF9FC /* LaunchScreen.storyboard */,
				A49EA6CE23E035E400ABF9FC /* Info.plist */,
				7FF8D0ED23E03ECE0062DF42 /* oneViewController.swift */,
				7FF8D0EF23E03EDE0062DF42 /* twoViewController.swift */,
				7FF8D0F123E03EF80062DF42 /* threeTableViewController.swift */,
			);
			path = SpeedCode;
			sourceTree = "<group>";
		};
		EF2700C72D651758865614FB /* Frameworks */ = {
			isa = PBXGroup;
			children = (
				BB1E3A673F5C5BD0AB27878A /* Pods_SpeedCode.framework */,
			);
			name = Frameworks;
			sourceTree = "<group>";
		};
/* End PBXGroup section */

/* Begin PBXNativeTarget section */
		A49EA6BC23E035DD00ABF9FC /* SpeedCode */ = {
			isa = PBXNativeTarget;
			buildConfigurationList = A49EA6D123E035E400ABF9FC /* Build configuration list for PBXNativeTarget "SpeedCode" */;
			buildPhases = (
				C6A8A4A3183CF84AF50C4A4F /* [CP] Check Pods Manifest.lock */,
				A49EA6B923E035DD00ABF9FC /* Sources */,
				A49EA6BA23E035DD00ABF9FC /* Frameworks */,
				A49EA6BB23E035DD00ABF9FC /* Resources */,
				417A43B45DE397189B7B9FFD /* [CP] Embed Pods Frameworks */,
			);
			buildRules = (
			);
			dependencies = (
			);
			name = SpeedCode;
			productName = SpeedCode;
			productReference = A49EA6BD23E035DD00ABF9FC /* SpeedCode.app */;
			productType = "com.apple.product-type.application";
		};
/* End PBXNativeTarget section */

/* Begin PBXProject section */
		A49EA6B523E035DD00ABF9FC /* Project object */ = {
			isa = PBXProject;
			attributes = {
				LastSwiftUpdateCheck = 1130;
				LastUpgradeCheck = 1130;
				ORGANIZATIONNAME = "Fujii Yuta";
				TargetAttributes = {
					A49EA6BC23E035DD00ABF9FC = {
						CreatedOnToolsVersion = 11.3;
					};
				};
			};
			buildConfigurationList = A49EA6B823E035DD00ABF9FC /* Build configuration list for PBXProject "SpeedCode" */;
			compatibilityVersion = "Xcode 9.3";
			developmentRegion = en;
			hasScannedForEncodings = 0;
			knownRegions = (
				en,
				Base,
			);
			mainGroup = A49EA6B423E035DD00ABF9FC;
			productRefGroup = A49EA6BE23E035DD00ABF9FC /* Products */;
			projectDirPath = "";
			projectRoot = "";
			targets = (
				A49EA6BC23E035DD00ABF9FC /* SpeedCode */,
			);
		};
/* End PBXProject section */

/* Begin PBXResourcesBuildPhase section */
		A49EA6BB23E035DD00ABF9FC /* Resources */ = {
			isa = PBXResourcesBuildPhase;
			buildActionMask = 2147483647;
			files = (
				A49EA6CD23E035E400ABF9FC /* LaunchScreen.storyboard in Resources */,
				A49EA6CA23E035E400ABF9FC /* Assets.xcassets in Resources */,
				A49EA6C823E035DD00ABF9FC /* Main.storyboard in Resources */,
			);
			runOnlyForDeploymentPostprocessing = 0;
		};
/* End PBXResourcesBuildPhase section */

/* Begin PBXShellScriptBuildPhase section */
		417A43B45DE397189B7B9FFD /* [CP] Embed Pods Frameworks */ = {
			isa = PBXShellScriptBuildPhase;
			buildActionMask = 2147483647;
			files = (
			);
			inputFileListPaths = (
				"${PODS_ROOT}/Target Support Files/Pods-SpeedCode/Pods-SpeedCode-frameworks-${CONFIGURATION}-input-files.xcfilelist",
			);
			name = "[CP] Embed Pods Frameworks";
			outputFileListPaths = (
				"${PODS_ROOT}/Target Support Files/Pods-SpeedCode/Pods-SpeedCode-frameworks-${CONFIGURATION}-output-files.xcfilelist",
			);
			runOnlyForDeploymentPostprocessing = 0;
			shellPath = /bin/sh;
			shellScript = "\"${PODS_ROOT}/Target Support Files/Pods-SpeedCode/Pods-SpeedCode-frameworks.sh\"\n";
			showEnvVarsInLog = 0;
		};
		C6A8A4A3183CF84AF50C4A4F /* [CP] Check Pods Manifest.lock */ = {
			isa = PBXShellScriptBuildPhase;
			buildActionMask = 2147483647;
			files = (
			);
			inputFileListPaths = (
			);
			inputPaths = (
				"${PODS_PODFILE_DIR_PATH}/Podfile.lock",
				"${PODS_ROOT}/Manifest.lock",
			);
			name = "[CP] Check Pods Manifest.lock";
			outputFileListPaths = (
			);
			outputPaths = (
				"$(DERIVED_FILE_DIR)/Pods-SpeedCode-checkManifestLockResult.txt",
			);
			runOnlyForDeploymentPostprocessing = 0;
			shellPath = /bin/sh;
			shellScript = "diff \"${PODS_PODFILE_DIR_PATH}/Podfile.lock\" \"${PODS_ROOT}/Manifest.lock\" > /dev/null\nif [ $? != 0 ] ; then\n    # print error to STDERR\n    echo \"error: The sandbox is not in sync with the Podfile.lock. Run 'pod install' or update your CocoaPods installation.\" >&2\n    exit 1\nfi\n# This output is used by Xcode 'outputs' to avoid re-running this script phase.\necho \"SUCCESS\" > \"${SCRIPT_OUTPUT_FILE_0}\"\n";
			showEnvVarsInLog = 0;
		};
/* End PBXShellScriptBuildPhase section */

/* Begin PBXSourcesBuildPhase section */
		A49EA6B923E035DD00ABF9FC /* Sources */ = {
			isa = PBXSourcesBuildPhase;
			buildActionMask = 2147483647;
			files = (
				A49EA6C523E035DD00ABF9FC /* ViewController.swift in Sources */,
				7FF8D0F423E045AA0062DF42 /* threeNextViewController.swift in Sources */,
				A49EA6C123E035DD00ABF9FC /* AppDelegate.swift in Sources */,
				7FF8D0F223E03EF80062DF42 /* threeTableViewController.swift in Sources */,
				A49EA6C323E035DD00ABF9FC /* SceneDelegate.swift in Sources */,
				7FF8D0F023E03EDE0062DF42 /* twoViewController.swift in Sources */,
				7FF8D0EE23E03ECE0062DF42 /* oneViewController.swift in Sources */,
			);
			runOnlyForDeploymentPostprocessing = 0;
		};
/* End PBXSourcesBuildPhase section */

/* Begin PBXVariantGroup section */
		A49EA6C623E035DD00ABF9FC /* Main.storyboard */ = {
			isa = PBXVariantGroup;
			children = (
				A49EA6C723E035DD00ABF9FC /* Base */,
			);
			name = Main.storyboard;
			sourceTree = "<group>";
		};
		A49EA6CB23E035E400ABF9FC /* LaunchScreen.storyboard */ = {
			isa = PBXVariantGroup;
			children = (
				A49EA6CC23E035E400ABF9FC /* Base */,
			);
			name = LaunchScreen.storyboard;
			sourceTree = "<group>";
		};
/* End PBXVariantGroup section */

/* Begin XCBuildConfiguration section */
		A49EA6CF23E035E400ABF9FC /* Debug */ = {
			isa = XCBuildConfiguration;
			buildSettings = {
				ALWAYS_SEARCH_USER_PATHS = NO;
				CLANG_ANALYZER_NONNULL = YES;
				CLANG_ANALYZER_NUMBER_OBJECT_CONVERSION = YES_AGGRESSIVE;
				CLANG_CXX_LANGUAGE_STANDARD = "gnu++14";
				CLANG_CXX_LIBRARY = "libc++";
				CLANG_ENABLE_MODULES = YES;
				CLANG_ENABLE_OBJC_ARC = YES;
				CLANG_ENABLE_OBJC_WEAK = YES;
				CLANG_WARN_BLOCK_CAPTURE_AUTORELEASING = YES;
				CLANG_WARN_BOOL_CONVERSION = YES;
				CLANG_WARN_COMMA = YES;
				CLANG_WARN_CONSTANT_CONVERSION = YES;
				CLANG_WARN_DEPRECATED_OBJC_IMPLEMENTATIONS = YES;
				CLANG_WARN_DIRECT_OBJC_ISA_USAGE = YES_ERROR;
				CLANG_WARN_DOCUMENTATION_COMMENTS = YES;
				CLANG_WARN_EMPTY_BODY = YES;
				CLANG_WARN_ENUM_CONVERSION = YES;
				CLANG_WARN_INFINITE_RECURSION = YES;
				CLANG_WARN_INT_CONVERSION = YES;
				CLANG_WARN_NON_LITERAL_NULL_CONVERSION = YES;
				CLANG_WARN_OBJC_IMPLICIT_RETAIN_SELF = YES;
				CLANG_WARN_OBJC_LITERAL_CONVERSION = YES;
				CLANG_WARN_OBJC_ROOT_CLASS = YES_ERROR;
				CLANG_WARN_RANGE_LOOP_ANALYSIS = YES;
				CLANG_WARN_STRICT_PROTOTYPES = YES;
				CLANG_WARN_SUSPICIOUS_MOVE = YES;
				CLANG_WARN_UNGUARDED_AVAILABILITY = YES_AGGRESSIVE;
				CLANG_WARN_UNREACHABLE_CODE = YES;
				CLANG_WARN__DUPLICATE_METHOD_MATCH = YES;
				COPY_PHASE_STRIP = NO;
				DEBUG_INFORMATION_FORMAT = dwarf;
				ENABLE_STRICT_OBJC_MSGSEND = YES;
				ENABLE_TESTABILITY = YES;
				GCC_C_LANGUAGE_STANDARD = gnu11;
				GCC_DYNAMIC_NO_PIC = NO;
				GCC_NO_COMMON_BLOCKS = YES;
				GCC_OPTIMIZATION_LEVEL = 0;
				GCC_PREPROCESSOR_DEFINITIONS = (
					"DEBUG=1",
					"$(inherited)",
				);
				GCC_WARN_64_TO_32_BIT_CONVERSION = YES;
				GCC_WARN_ABOUT_RETURN_TYPE = YES_ERROR;
				GCC_WARN_UNDECLARED_SELECTOR = YES;
				GCC_WARN_UNINITIALIZED_AUTOS = YES_AGGRESSIVE;
				GCC_WARN_UNUSED_FUNCTION = YES;
				GCC_WARN_UNUSED_VARIABLE = YES;
				IPHONEOS_DEPLOYMENT_TARGET = 13.2;
				MTL_ENABLE_DEBUG_INFO = INCLUDE_SOURCE;
				MTL_FAST_MATH = YES;
				ONLY_ACTIVE_ARCH = YES;
				SDKROOT = iphoneos;
				SWIFT_ACTIVE_COMPILATION_CONDITIONS = DEBUG;
				SWIFT_OPTIMIZATION_LEVEL = "-Onone";
			};
			name = Debug;
		};
		A49EA6D023E035E400ABF9FC /* Release */ = {
			isa = XCBuildConfiguration;
			buildSettings = {
				ALWAYS_SEARCH_USER_PATHS = NO;
				CLANG_ANALYZER_NONNULL = YES;
				CLANG_ANALYZER_NUMBER_OBJECT_CONVERSION = YES_AGGRESSIVE;
				CLANG_CXX_LANGUAGE_STANDARD = "gnu++14";
				CLANG_CXX_LIBRARY = "libc++";
				CLANG_ENABLE_MODULES = YES;
				CLANG_ENABLE_OBJC_ARC = YES;
				CLANG_ENABLE_OBJC_WEAK = YES;
				CLANG_WARN_BLOCK_CAPTURE_AUTORELEASING = YES;
				CLANG_WARN_BOOL_CONVERSION = YES;
				CLANG_WARN_COMMA = YES;
				CLANG_WARN_CONSTANT_CONVERSION = YES;
				CLANG_WARN_DEPRECATED_OBJC_IMPLEMENTATIONS = YES;
				CLANG_WARN_DIRECT_OBJC_ISA_USAGE = YES_ERROR;
				CLANG_WARN_DOCUMENTATION_COMMENTS = YES;
				CLANG_WARN_EMPTY_BODY = YES;
				CLANG_WARN_ENUM_CONVERSION = YES;
				CLANG_WARN_INFINITE_RECURSION = YES;
				CLANG_WARN_INT_CONVERSION = YES;
				CLANG_WARN_NON_LITERAL_NULL_CONVERSION = YES;
				CLANG_WARN_OBJC_IMPLICIT_RETAIN_SELF = YES;
				CLANG_WARN_OBJC_LITERAL_CONVERSION = YES;
				CLANG_WARN_OBJC_ROOT_CLASS = YES_ERROR;
				CLANG_WARN_RANGE_LOOP_ANALYSIS = YES;
				CLANG_WARN_STRICT_PROTOTYPES = YES;
				CLANG_WARN_SUSPICIOUS_MOVE = YES;
				CLANG_WARN_UNGUARDED_AVAILABILITY = YES_AGGRESSIVE;
				CLANG_WARN_UNREACHABLE_CODE = YES;
				CLANG_WARN__DUPLICATE_METHOD_MATCH = YES;
				COPY_PHASE_STRIP = NO;
				DEBUG_INFORMATION_FORMAT = "dwarf-with-dsym";
				ENABLE_NS_ASSERTIONS = NO;
				ENABLE_STRICT_OBJC_MSGSEND = YES;
				GCC_C_LANGUAGE_STANDARD = gnu11;
				GCC_NO_COMMON_BLOCKS = YES;
				GCC_WARN_64_TO_32_BIT_CONVERSION = YES;
				GCC_WARN_ABOUT_RETURN_TYPE = YES_ERROR;
				GCC_WARN_UNDECLARED_SELECTOR = YES;
				GCC_WARN_UNINITIALIZED_AUTOS = YES_AGGRESSIVE;
				GCC_WARN_UNUSED_FUNCTION = YES;
				GCC_WARN_UNUSED_VARIABLE = YES;
				IPHONEOS_DEPLOYMENT_TARGET = 13.2;
				MTL_ENABLE_DEBUG_INFO = NO;
				MTL_FAST_MATH = YES;
				SDKROOT = iphoneos;
				SWIFT_COMPILATION_MODE = wholemodule;
				SWIFT_OPTIMIZATION_LEVEL = "-O";
				VALIDATE_PRODUCT = YES;
			};
			name = Release;
		};
		A49EA6D223E035E400ABF9FC /* Debug */ = {
			isa = XCBuildConfiguration;
			baseConfigurationReference = A1C95720706894DC59E15C2D /* Pods-SpeedCode.debug.xcconfig */;
			buildSettings = {
				ASSETCATALOG_COMPILER_APPICON_NAME = AppIcon;
				CODE_SIGN_STYLE = Automatic;
				INFOPLIST_FILE = SpeedCode/Info.plist;
				LD_RUNPATH_SEARCH_PATHS = (
					"$(inherited)",
					"@executable_path/Frameworks",
				);
				PRODUCT_BUNDLE_IDENTIFIER = com.yutaudemy.SpeedCode;
				PRODUCT_NAME = "$(TARGET_NAME)";
				SWIFT_VERSION = 5.0;
				TARGETED_DEVICE_FAMILY = "1,2";
			};
			name = Debug;
		};
		A49EA6D323E035E400ABF9FC /* Release */ = {
			isa = XCBuildConfiguration;
			baseConfigurationReference = F7D9AF172DF79D24BD05761E /* Pods-SpeedCode.release.xcconfig */;
			buildSettings = {
				ASSETCATALOG_COMPILER_APPICON_NAME = AppIcon;
				CODE_SIGN_STYLE = Automatic;
				INFOPLIST_FILE = SpeedCode/Info.plist;
				LD_RUNPATH_SEARCH_PATHS = (
					"$(inherited)",
					"@executable_path/Frameworks",
				);
				PRODUCT_BUNDLE_IDENTIFIER = com.yutaudemy.SpeedCode;
				PRODUCT_NAME = "$(TARGET_NAME)";
				SWIFT_VERSION = 5.0;
				TARGETED_DEVICE_FAMILY = "1,2";
			};
			name = Release;
		};
/* End XCBuildConfiguration section */

/* Begin XCConfigurationList section */
		A49EA6B823E035DD00ABF9FC /* Build configuration list for PBXProject "SpeedCode" */ = {
			isa = XCConfigurationList;
			buildConfigurations = (
				A49EA6CF23E035E400ABF9FC /* Debug */,
				A49EA6D023E035E400ABF9FC /* Release */,
			);
			defaultConfigurationIsVisible = 0;
			defaultConfigurationName = Release;
		};
		A49EA6D123E035E400ABF9FC /* Build configuration list for PBXNativeTarget "SpeedCode" */ = {
			isa = XCConfigurationList;
			buildConfigurations = (
				A49EA6D223E035E400ABF9FC /* Debug */,
				A49EA6D323E035E400ABF9FC /* Release */,
			);
			defaultConfigurationIsVisible = 0;
			defaultConfigurationName = Release;
		};
/* End XCConfigurationList section */
	};
	rootObject = A49EA6B523E035DD00ABF9FC /* Project object */;
}
